{
  "lockfileVersion": 1,
  "dependencies": {
    "js-datepicker": {
      "version": "2.1.3",
      "resolved": "https://registry.npmjs.org/js-datepicker/-/js-datepicker-2.1.3.tgz",
      "integrity": "sha512-B2hGDYoIQG0+dQcYL6j76ONcCWQgxYkaekQhvyKrwJRG47ZjfSqb+9z2bjbO6v1RPtnGIKFh55AgHSKoXy4UPA=="
    }
  }
}
